
Microsoft Visual Studio Solution File, Format Version 12.00
# Visual Studio Version 17
VisualStudioVersion = 17.14.36203.30 d17.14
MinimumVisualStudioVersion = 10.0.40219.1
Project("{FAE04EC0-301F-11D3-BF4B-00C04F79EFBC}") = "Codigo_Morse", "Codigo_Morse.csproj", "{5B28A1B5-45AD-4122-ACBE-8115EC8CFF4B}"
EndProject
Global
	GlobalSection(SolutionConfigurationPlatforms) = preSolution
		Debug|Any CPU = Debug|Any CPU
		Release|Any CPU = Release|Any CPU
	EndGlobalSection
	GlobalSection(ProjectConfigurationPlatforms) = postSolution
		{5B28A1B5-45AD-4122-ACBE-8115EC8CFF4B}.Debug|Any CPU.ActiveCfg = Debug|Any CPU
		{5B28A1B5-45AD-4122-ACBE-8115EC8CFF4B}.Debug|Any CPU.Build.0 = Debug|Any CPU
		{5B28A1B5-45AD-4122-ACBE-8115EC8CFF4B}.Release|Any CPU.ActiveCfg = Release|Any CPU
		{5B28A1B5-45AD-4122-ACBE-8115EC8CFF4B}.Release|Any CPU.Build.0 = Release|Any CPU
	EndGlobalSection
	GlobalSection(SolutionProperties) = preSolution
		HideSolutionNode = FALSE
	EndGlobalSection
	GlobalSection(ExtensibilityGlobals) = postSolution
		SolutionGuid = {839946D4-D143-4A54-97D2-32FF322C4824}
	EndGlobalSection
EndGlobal
