
Microsoft Visual Studio Solution File, Format Version 12.00
# Visual Studio Version 17
VisualStudioVersion = 17.14.36203.30 d17.14
MinimumVisualStudioVersion = 10.0.40219.1
Project("{FAE04EC0-301F-11D3-BF4B-00C04F79EFBC}") = "Cadena_Invertida", "Cadena_Invertida.csproj", "{B093B9F3-4948-4CAF-8EC0-1AF665C87B09}"
EndProject
Global
	GlobalSection(SolutionConfigurationPlatforms) = preSolution
		Debug|Any CPU = Debug|Any CPU
		Release|Any CPU = Release|Any CPU
	EndGlobalSection
	GlobalSection(ProjectConfigurationPlatforms) = postSolution
		{B093B9F3-4948-4CAF-8EC0-1AF665C87B09}.Debug|Any CPU.ActiveCfg = Debug|Any CPU
		{B093B9F3-4948-4CAF-8EC0-1AF665C87B09}.Debug|Any CPU.Build.0 = Debug|Any CPU
		{B093B9F3-4948-4CAF-8EC0-1AF665C87B09}.Release|Any CPU.ActiveCfg = Release|Any CPU
		{B093B9F3-4948-4CAF-8EC0-1AF665C87B09}.Release|Any CPU.Build.0 = Release|Any CPU
	EndGlobalSection
	GlobalSection(SolutionProperties) = preSolution
		HideSolutionNode = FALSE
	EndGlobalSection
	GlobalSection(ExtensibilityGlobals) = postSolution
		SolutionGuid = {7392D094-79C6-4D9D-8D76-092B410A6B92}
	EndGlobalSection
EndGlobal
