
Microsoft Visual Studio Solution File, Format Version 12.00
# Visual Studio Version 17
VisualStudioVersion = 17.13.35931.197 d17.13
MinimumVisualStudioVersion = 10.0.40219.1
Project("{FAE04EC0-301F-11D3-BF4B-00C04F79EFBC}") = "Ejercicio8.1.2", "Ejercicio8.1.2.csproj", "{164CFB23-CDF6-457B-8C16-3EFD206049BB}"
EndProject
Global
	GlobalSection(SolutionConfigurationPlatforms) = preSolution
		Debug|Any CPU = Debug|Any CPU
		Release|Any CPU = Release|Any CPU
	EndGlobalSection
	GlobalSection(ProjectConfigurationPlatforms) = postSolution
		{164CFB23-CDF6-457B-8C16-3EFD206049BB}.Debug|Any CPU.ActiveCfg = Debug|Any CPU
		{164CFB23-CDF6-457B-8C16-3EFD206049BB}.Debug|Any CPU.Build.0 = Debug|Any CPU
		{164CFB23-CDF6-457B-8C16-3EFD206049BB}.Release|Any CPU.ActiveCfg = Release|Any CPU
		{164CFB23-CDF6-457B-8C16-3EFD206049BB}.Release|Any CPU.Build.0 = Release|Any CPU
	EndGlobalSection
	GlobalSection(SolutionProperties) = preSolution
		HideSolutionNode = FALSE
	EndGlobalSection
	GlobalSection(ExtensibilityGlobals) = postSolution
		SolutionGuid = {FCA10B36-C9F0-425B-A6DD-CAB1761C1F97}
	EndGlobalSection
EndGlobal
