
Microsoft Visual Studio Solution File, Format Version 12.00
# Visual Studio Version 17
VisualStudioVersion = 17.13.35825.156 d17.13
MinimumVisualStudioVersion = 10.0.40219.1
Project("{FAE04EC0-301F-11D3-BF4B-00C04F79EFBC}") = "Ejercicio8.1.1", "Ejercicio8.1.1.csproj", "{BD29AB0D-0E83-4699-908D-FB692D938DDC}"
EndProject
Global
	GlobalSection(SolutionConfigurationPlatforms) = preSolution
		Debug|Any CPU = Debug|Any CPU
		Release|Any CPU = Release|Any CPU
	EndGlobalSection
	GlobalSection(ProjectConfigurationPlatforms) = postSolution
		{BD29AB0D-0E83-4699-908D-FB692D938DDC}.Debug|Any CPU.ActiveCfg = Debug|Any CPU
		{BD29AB0D-0E83-4699-908D-FB692D938DDC}.Debug|Any CPU.Build.0 = Debug|Any CPU
		{BD29AB0D-0E83-4699-908D-FB692D938DDC}.Release|Any CPU.ActiveCfg = Release|Any CPU
		{BD29AB0D-0E83-4699-908D-FB692D938DDC}.Release|Any CPU.Build.0 = Release|Any CPU
	EndGlobalSection
	GlobalSection(SolutionProperties) = preSolution
		HideSolutionNode = FALSE
	EndGlobalSection
	GlobalSection(ExtensibilityGlobals) = postSolution
		SolutionGuid = {317AF45F-EA78-4CB5-810D-F9C14896F030}
	EndGlobalSection
EndGlobal
