
Microsoft Visual Studio Solution File, Format Version 12.00
# Visual Studio Version 17
VisualStudioVersion = 17.13.35806.99 d17.13
MinimumVisualStudioVersion = 10.0.40219.1
Project("{FAE04EC0-301F-11D3-BF4B-00C04F79EFBC}") = "Ejercicio7.9.1", "Ejercicio7.9.1.csproj", "{9C80444C-B753-4198-A80D-215459B083D6}"
EndProject
Global
	GlobalSection(SolutionConfigurationPlatforms) = preSolution
		Debug|Any CPU = Debug|Any CPU
		Release|Any CPU = Release|Any CPU
	EndGlobalSection
	GlobalSection(ProjectConfigurationPlatforms) = postSolution
		{9C80444C-B753-4198-A80D-215459B083D6}.Debug|Any CPU.ActiveCfg = Debug|Any CPU
		{9C80444C-B753-4198-A80D-215459B083D6}.Debug|Any CPU.Build.0 = Debug|Any CPU
		{9C80444C-B753-4198-A80D-215459B083D6}.Release|Any CPU.ActiveCfg = Release|Any CPU
		{9C80444C-B753-4198-A80D-215459B083D6}.Release|Any CPU.Build.0 = Release|Any CPU
	EndGlobalSection
	GlobalSection(SolutionProperties) = preSolution
		HideSolutionNode = FALSE
	EndGlobalSection
	GlobalSection(ExtensibilityGlobals) = postSolution
		SolutionGuid = {8880F44A-AEE9-4BFA-AEC8-B1700436ABFA}
	EndGlobalSection
EndGlobal
