
Microsoft Visual Studio Solution File, Format Version 12.00
# Visual Studio Version 17
VisualStudioVersion = 17.13.35919.96 d17.13
MinimumVisualStudioVersion = 10.0.40219.1
Project("{FAE04EC0-301F-11D3-BF4B-00C04F79EFBC}") = "Calculadora", "Calculadora.csproj", "{64714DE8-07D4-4920-AED4-BB23AFE9EDBF}"
EndProject
Global
	GlobalSection(SolutionConfigurationPlatforms) = preSolution
		Debug|Any CPU = Debug|Any CPU
		Release|Any CPU = Release|Any CPU
	EndGlobalSection
	GlobalSection(ProjectConfigurationPlatforms) = postSolution
		{64714DE8-07D4-4920-AED4-BB23AFE9EDBF}.Debug|Any CPU.ActiveCfg = Debug|Any CPU
		{64714DE8-07D4-4920-AED4-BB23AFE9EDBF}.Debug|Any CPU.Build.0 = Debug|Any CPU
		{64714DE8-07D4-4920-AED4-BB23AFE9EDBF}.Release|Any CPU.ActiveCfg = Release|Any CPU
		{64714DE8-07D4-4920-AED4-BB23AFE9EDBF}.Release|Any CPU.Build.0 = Release|Any CPU
	EndGlobalSection
	GlobalSection(SolutionProperties) = preSolution
		HideSolutionNode = FALSE
	EndGlobalSection
	GlobalSection(ExtensibilityGlobals) = postSolution
		SolutionGuid = {A8E13670-FCE5-41C7-8E75-447CC19CD6BB}
	EndGlobalSection
EndGlobal
