
Microsoft Visual Studio Solution File, Format Version 12.00
# Visual Studio Version 17
VisualStudioVersion = 17.14.36203.30 d17.14
MinimumVisualStudioVersion = 10.0.40219.1
Project("{FAE04EC0-301F-11D3-BF4B-00C04F79EFBC}") = "Fibonacci", "Fibonacci.csproj", "{92A13561-2490-4A5B-B417-99AB56EEF066}"
EndProject
Global
	GlobalSection(SolutionConfigurationPlatforms) = preSolution
		Debug|Any CPU = Debug|Any CPU
		Release|Any CPU = Release|Any CPU
	EndGlobalSection
	GlobalSection(ProjectConfigurationPlatforms) = postSolution
		{92A13561-2490-4A5B-B417-99AB56EEF066}.Debug|Any CPU.ActiveCfg = Debug|Any CPU
		{92A13561-2490-4A5B-B417-99AB56EEF066}.Debug|Any CPU.Build.0 = Debug|Any CPU
		{92A13561-2490-4A5B-B417-99AB56EEF066}.Release|Any CPU.ActiveCfg = Release|Any CPU
		{92A13561-2490-4A5B-B417-99AB56EEF066}.Release|Any CPU.Build.0 = Release|Any CPU
	EndGlobalSection
	GlobalSection(SolutionProperties) = preSolution
		HideSolutionNode = FALSE
	EndGlobalSection
	GlobalSection(ExtensibilityGlobals) = postSolution
		SolutionGuid = {9E212F46-FB35-41FA-8A3B-2FB0C27BBF99}
	EndGlobalSection
EndGlobal
